
Microsoft Visual Studio Solution File, Format Version 12.00
# Visual Studio Version 16
VisualStudioVersion = 16.0.31424.327
MinimumVisualStudioVersion = 10.0.40219.1
Project("{FAE04EC0-301F-11D3-BF4B-00C04F79EFBC}") = "RS.FileManager", "RS.FileManager\RS.FileManager.csproj", "{F553D929-00E5-44FE-B4FB-3A83E9409245}"
EndProject
Global
	GlobalSection(SolutionConfigurationPlatforms) = preSolution
		Debug|Any CPU = Debug|Any CPU
		Release|Any CPU = Release|Any CPU
	EndGlobalSection
	GlobalSection(ProjectConfigurationPlatforms) = postSolution
		{F553D929-00E5-44FE-B4FB-3A83E9409245}.Debug|Any CPU.ActiveCfg = Debug|Any CPU
		{F553D929-00E5-44FE-B4FB-3A83E9409245}.Debug|Any CPU.Build.0 = Debug|Any CPU
		{F553D929-00E5-44FE-B4FB-3A83E9409245}.Release|Any CPU.ActiveCfg = Release|Any CPU
		{F553D929-00E5-44FE-B4FB-3A83E9409245}.Release|Any CPU.Build.0 = Release|Any CPU
	EndGlobalSection
	GlobalSection(SolutionProperties) = preSolution
		HideSolutionNode = FALSE
	EndGlobalSection
	GlobalSection(ExtensibilityGlobals) = postSolution
		SolutionGuid = {C6D80D32-5680-42EF-8AD7-7E284C9BD457}
	EndGlobalSection
EndGlobal
